// !$*UTF8*$!
{
	archiveVersion = 1;
	classes = {
	};
	objectVersion = 46;
	objects = {

/* Begin PBXBuildFile section */
		659441321BBB61A100555E04 /* AppDelegate.swift in Sources */ = {isa = PBXBuildFile; fileRef = 659441311BBB61A100555E04 /* AppDelegate.swift */; };
		659441341BBB61A100555E04 /* ViewController.swift in Sources */ = {isa = PBXBuildFile; fileRef = 659441331BBB61A100555E04 /* ViewController.swift */; };
		659441371BBB61A100555E04 /* Main.storyboard in Resources */ = {isa = PBXBuildFile; fileRef = 659441351BBB61A100555E04 /* Main.storyboard */; };
		659441391BBB61A100555E04 /* Assets.xcassets in Resources */ = {isa = PBXBuildFile; fileRef = 659441381BBB61A100555E04 /* Assets.xcassets */; };
		6594413C1BBB61A100555E04 /* LaunchScreen.storyboard in Resources */ = {isa = PBXBuildFile; fileRef = 6594413A1BBB61A100555E04 /* LaunchScreen.storyboard */; };
		659441471BBB61A200555E04 /* Idea_ListTests.swift in Sources */ = {isa = PBXBuildFile; fileRef = 659441461BBB61A200555E04 /* Idea_ListTests.swift */; };
		659441521BBB61A200555E04 /* Idea_ListUITests.swift in Sources */ = {isa = PBXBuildFile; fileRef = 659441511BBB61A200555E04 /* Idea_ListUITests.swift */; };
		6597B9EE1BBBCD17002E6E91 /* AddViewController.swift in Sources */ = {isa = PBXBuildFile; fileRef = 6597B9ED1BBBCD17002E6E91 /* AddViewController.swift */; settings = {ASSET_TAGS = (); }; };
		6597B9F01BBBCD2B002E6E91 /* DetailViewController.swift in Sources */ = {isa = PBXBuildFile; fileRef = 6597B9EF1BBBCD2B002E6E91 /* DetailViewController.swift */; settings = {ASSET_TAGS = (); }; };
		6597B9F61BBC5AAC002E6E91 /* customcell.swift in Sources */ = {isa = PBXBuildFile; fileRef = 6597B9F51BBC5AAC002E6E91 /* customcell.swift */; settings = {ASSET_TAGS = (); }; };
/* End PBXBuildFile section */

/* Begin PBXContainerItemProxy section */
		659441431BBB61A200555E04 /* PBXContainerItemProxy */ = {
			isa = PBXContainerItemProxy;
			containerPortal = 659441261BBB61A100555E04 /* Project object */;
			proxyType = 1;
			remoteGlobalIDString = 6594412D1BBB61A100555E04;
			remoteInfo = "Idea List";
		};
		6594414E1BBB61A200555E04 /* PBXContainerItemProxy */ = {
			isa = PBXContainerItemProxy;
			containerPortal = 659441261BBB61A100555E04 /* Project object */;
			proxyType = 1;
			remoteGlobalIDString = 6594412D1BBB61A100555E04;
			remoteInfo = "Idea List";
		};
/* End PBXContainerItemProxy section */

/* Begin PBXFileReference section */
		6594412E1BBB61A100555E04 /* Idea List.app */ = {isa = PBXFileReference; explicitFileType = wrapper.application; includeInIndex = 0; path = "Idea List.app"; sourceTree = BUILT_PRODUCTS_DIR; };
		659441311BBB61A100555E04 /* AppDelegate.swift */ = {isa = PBXFileReference; lastKnownFileType = sourcecode.swift; path = AppDelegate.swift; sourceTree = "<group>"; };
		659441331BBB61A100555E04 /* ViewController.swift */ = {isa = PBXFileReference; lastKnownFileType = sourcecode.swift; path = ViewController.swift; sourceTree = "<group>"; };
		659441361BBB61A100555E04 /* Base */ = {isa = PBXFileReference; lastKnownFileType = file.storyboard; name = Base; path = Base.lproj/Main.storyboard; sourceTree = "<group>"; };
		659441381BBB61A100555E04 /* Assets.xcassets */ = {isa = PBXFileReference; lastKnownFileType = folder.assetcatalog; path = Assets.xcassets; sourceTree = "<group>"; };
		6594413B1BBB61A100555E04 /* Base */ = {isa = PBXFileReference; lastKnownFileType = file.storyboard; name = Base; path = Base.lproj/LaunchScreen.storyboard; sourceTree = "<group>"; };
		6594413D1BBB61A100555E04 /* Info.plist */ = {isa = PBXFileReference; lastKnownFileType = text.plist.xml; path = Info.plist; sourceTree = "<group>"; };
		659441421BBB61A200555E04 /* Idea ListTests.xctest */ = {isa = PBXFileReference; explicitFileType = wrapper.cfbundle; includeInIndex = 0; path = "Idea ListTests.xctest"; sourceTree = BUILT_PRODUCTS_DIR; };
		659441461BBB61A200555E04 /* Idea_ListTests.swift */ = {isa = PBXFileReference; lastKnownFileType = sourcecode.swift; path = Idea_ListTests.swift; sourceTree = "<group>"; };
		659441481BBB61A200555E04 /* Info.plist */ = {isa = PBXFileReference; lastKnownFileType = text.plist.xml; path = Info.plist; sourceTree = "<group>"; };
		6594414D1BBB61A200555E04 /* Idea ListUITests.xctest */ = {isa = PBXFileReference; explicitFileType = wrapper.cfbundle; includeInIndex = 0; path = "Idea ListUITests.xctest"; sourceTree = BUILT_PRODUCTS_DIR; };
		659441511BBB61A200555E04 /* Idea_ListUITests.swift */ = {isa = PBXFileReference; lastKnownFileType = sourcecode.swift; path = Idea_ListUITests.swift; sourceTree = "<group>"; };
		659441531BBB61A200555E04 /* Info.plist */ = {isa = PBXFileReference; lastKnownFileType = text.plist.xml; path = Info.plist; sourceTree = "<group>"; };
		6597B9ED1BBBCD17002E6E91 /* AddViewController.swift */ = {isa = PBXFileReference; fileEncoding = 4; lastKnownFileType = sourcecode.swift; path = AddViewController.swift; sourceTree = "<group>"; };
		6597B9EF1BBBCD2B002E6E91 /* DetailViewController.swift */ = {isa = PBXFileReference; fileEncoding = 4; lastKnownFileType = sourcecode.swift; path = DetailViewController.swift; sourceTree = "<group>"; };
		6597B9F51BBC5AAC002E6E91 /* customcell.swift */ = {isa = PBXFileReference; fileEncoding = 4; lastKnownFileType = sourcecode.swift; name = customcell.swift; path = ../customcell.swift; sourceTree = "<group>"; };
/* End PBXFileReference section */

/* Begin PBXFrameworksBuildPhase section */
		6594412B1BBB61A100555E04 /* Frameworks */ = {
			isa = PBXFrameworksBuildPhase;
			buildActionMask = 2147483647;
			files = (
			);
			runOnlyForDeploymentPostprocessing = 0;
		};
		6594413F1BBB61A200555E04 /* Frameworks */ = {
			isa = PBXFrameworksBuildPhase;
			buildActionMask = 2147483647;
			files = (
			);
			runOnlyForDeploymentPostprocessing = 0;
		};
		6594414A1BBB61A200555E04 /* Frameworks */ = {
			isa = PBXFrameworksBuildPhase;
			buildActionMask = 2147483647;
			files = (
			);
			runOnlyForDeploymentPostprocessing = 0;
		};
/* End PBXFrameworksBuildPhase section */

/* Begin PBXGroup section */
		659441251BBB61A100555E04 = {
			isa = PBXGroup;
			children = (
				659441301BBB61A100555E04 /* Idea List */,
				659441451BBB61A200555E04 /* Idea ListTests */,
				659441501BBB61A200555E04 /* Idea ListUITests */,
				6594412F1BBB61A100555E04 /* Products */,
			);
			sourceTree = "<group>";
		};
		6594412F1BBB61A100555E04 /* Products */ = {
			isa = PBXGroup;
			children = (
				6594412E1BBB61A100555E04 /* Idea List.app */,
				659441421BBB61A200555E04 /* Idea ListTests.xctest */,
				6594414D1BBB61A200555E04 /* Idea ListUITests.xctest */,
			);
			name = Products;
			sourceTree = "<group>";
		};
		659441301BBB61A100555E04 /* Idea List */ = {
			isa = PBXGroup;
			children = (
				659441311BBB61A100555E04 /* AppDelegate.swift */,
				659441331BBB61A100555E04 /* ViewController.swift */,
				6597B9ED1BBBCD17002E6E91 /* AddViewController.swift */,
				6597B9EF1BBBCD2B002E6E91 /* DetailViewController.swift */,
				6597B9F51BBC5AAC002E6E91 /* customcell.swift */,
				659441351BBB61A100555E04 /* Main.storyboard */,
				659441381BBB61A100555E04 /* Assets.xcassets */,
				6594413A1BBB61A100555E04 /* LaunchScreen.storyboard */,
				6594413D1BBB61A100555E04 /* Info.plist */,
			);
			path = "Idea List";
			sourceTree = "<group>";
		};
		659441451BBB61A200555E04 /* Idea ListTests */ = {
			isa = PBXGroup;
			children = (
				659441461BBB61A200555E04 /* Idea_ListTests.swift */,
				659441481BBB61A200555E04 /* Info.plist */,
			);
			path = "Idea ListTests";
			sourceTree = "<group>";
		};
		659441501BBB61A200555E04 /* Idea ListUITests */ = {
			isa = PBXGroup;
			children = (
				659441511BBB61A200555E04 /* Idea_ListUITests.swift */,
				659441531BBB61A200555E04 /* Info.plist */,
			);
			path = "Idea ListUITests";
			sourceTree = "<group>";
		};
/* End PBXGroup section */

/* Begin PBXNativeTarget section */
		6594412D1BBB61A100555E04 /* Idea List */ = {
			isa = PBXNativeTarget;
			buildConfigurationList = 659441561BBB61A200555E04 /* Build configuration list for PBXNativeTarget "Idea List" */;
			buildPhases = (
				6594412A1BBB61A100555E04 /* Sources */,
				6594412B1BBB61A100555E04 /* Frameworks */,
				6594412C1BBB61A100555E04 /* Resources */,
			);
			buildRules = (
			);
			dependencies = (
			);
			name = "Idea List";
			productName = "Idea List";
			productReference = 6594412E1BBB61A100555E04 /* Idea List.app */;
			productType = "com.apple.product-type.application";
		};
		659441411BBB61A200555E04 /* Idea ListTests */ = {
			isa = PBXNativeTarget;
			buildConfigurationList = 659441591BBB61A200555E04 /* Build configuration list for PBXNativeTarget "Idea ListTests" */;
			buildPhases = (
				6594413E1BBB61A200555E04 /* Sources */,
				6594413F1BBB61A200555E04 /* Frameworks */,
				659441401BBB61A200555E04 /* Resources */,
			);
			buildRules = (
			);
			dependencies = (
				659441441BBB61A200555E04 /* PBXTargetDependency */,
			);
			name = "Idea ListTests";
			productName = "Idea ListTests";
			productReference = 659441421BBB61A200555E04 /* Idea ListTests.xctest */;
			productType = "com.apple.product-type.bundle.unit-test";
		};
		6594414C1BBB61A200555E04 /* Idea ListUITests */ = {
			isa = PBXNativeTarget;
			buildConfigurationList = 6594415C1BBB61A200555E04 /* Build configuration list for PBXNativeTarget "Idea ListUITests" */;
			buildPhases = (
				659441491BBB61A200555E04 /* Sources */,
				6594414A1BBB61A200555E04 /* Frameworks */,
				6594414B1BBB61A200555E04 /* Resources */,
			);
			buildRules = (
			);
			dependencies = (
				6594414F1BBB61A200555E04 /* PBXTargetDependency */,
			);
			name = "Idea ListUITests";
			productName = "Idea ListUITests";
			productReference = 6594414D1BBB61A200555E04 /* Idea ListUITests.xctest */;
			productType = "com.apple.product-type.bundle.ui-testing";
		};
/* End PBXNativeTarget section */

/* Begin PBXProject section */
		659441261BBB61A100555E04 /* Project object */ = {
			isa = PBXProject;
			attributes = {
				LastUpgradeCheck = 0700;
				ORGANIZATIONNAME = "Rutul Dave";
				TargetAttributes = {
					6594412D1BBB61A100555E04 = {
						CreatedOnToolsVersion = 7.0;
					};
					659441411BBB61A200555E04 = {
						CreatedOnToolsVersion = 7.0;
						TestTargetID = 6594412D1BBB61A100555E04;
					};
					6594414C1BBB61A200555E04 = {
						CreatedOnToolsVersion = 7.0;
						TestTargetID = 6594412D1BBB61A100555E04;
					};
				};
			};
			buildConfigurationList = 659441291BBB61A100555E04 /* Build configuration list for PBXProject "Idea List" */;
			compatibilityVersion = "Xcode 3.2";
			developmentRegion = English;
			hasScannedForEncodings = 0;
			knownRegions = (
				en,
				Base,
			);
			mainGroup = 659441251BBB61A100555E04;
			productRefGroup = 6594412F1BBB61A100555E04 /* Products */;
			projectDirPath = "";
			projectRoot = "";
			targets = (
				6594412D1BBB61A100555E04 /* Idea List */,
				659441411BBB61A200555E04 /* Idea ListTests */,
				6594414C1BBB61A200555E04 /* Idea ListUITests */,
			);
		};
/* End PBXProject section */

/* Begin PBXResourcesBuildPhase section */
		6594412C1BBB61A100555E04 /* Resources */ = {
			isa = PBXResourcesBuildPhase;
			buildActionMask = 2147483647;
			files = (
				6594413C1BBB61A100555E04 /* LaunchScreen.storyboard in Resources */,
				659441391BBB61A100555E04 /* Assets.xcassets in Resources */,
				659441371BBB61A100555E04 /* Main.storyboard in Resources */,
			);
			runOnlyForDeploymentPostprocessing = 0;
		};
		659441401BBB61A200555E04 /* Resources */ = {
			isa = PBXResourcesBuildPhase;
			buildActionMask = 2147483647;
			files = (
			);
			runOnlyForDeploymentPostprocessing = 0;
		};
		6594414B1BBB61A200555E04 /* Resources */ = {
			isa = PBXResourcesBuildPhase;
			buildActionMask = 2147483647;
			files = (
			);
			runOnlyForDeploymentPostprocessing = 0;
		};
/* End PBXResourcesBuildPhase section */

/* Begin PBXSourcesBuildPhase section */
		6594412A1BBB61A100555E04 /* Sources */ = {
			isa = PBXSourcesBuildPhase;
			buildActionMask = 2147483647;
			files = (
				6597B9F61BBC5AAC002E6E91 /* customcell.swift in Sources */,
				659441341BBB61A100555E04 /* ViewController.swift in Sources */,
				659441321BBB61A100555E04 /* AppDelegate.swift in Sources */,
				6597B9EE1BBBCD17002E6E91 /* AddViewController.swift in Sources */,
				6597B9F01BBBCD2B002E6E91 /* DetailViewController.swift in Sources */,
			);
			runOnlyForDeploymentPostprocessing = 0;
		};
		6594413E1BBB61A200555E04 /* Sources */ = {
			isa = PBXSourcesBuildPhase;
			buildActionMask = 2147483647;
			files = (
				659441471BBB61A200555E04 /* Idea_ListTests.swift in Sources */,
			);
			runOnlyForDeploymentPostprocessing = 0;
		};
		659441491BBB61A200555E04 /* Sources */ = {
			isa = PBXSourcesBuildPhase;
			buildActionMask = 2147483647;
			files = (
				659441521BBB61A200555E04 /* Idea_ListUITests.swift in Sources */,
			);
			runOnlyForDeploymentPostprocessing = 0;
		};
/* End PBXSourcesBuildPhase section */

/* Begin PBXTargetDependency section */
		659441441BBB61A200555E04 /* PBXTargetDependency */ = {
			isa = PBXTargetDependency;
			target = 6594412D1BBB61A100555E04 /* Idea List */;
			targetProxy = 659441431BBB61A200555E04 /* PBXContainerItemProxy */;
		};
		6594414F1BBB61A200555E04 /* PBXTargetDependency */ = {
			isa = PBXTargetDependency;
			target = 6594412D1BBB61A100555E04 /* Idea List */;
			targetProxy = 6594414E1BBB61A200555E04 /* PBXContainerItemProxy */;
		};
/* End PBXTargetDependency section */

/* Begin PBXVariantGroup section */
		659441351BBB61A100555E04 /* Main.storyboard */ = {
			isa = PBXVariantGroup;
			children = (
				659441361BBB61A100555E04 /* Base */,
			);
			name = Main.storyboard;
			sourceTree = "<group>";
		};
		6594413A1BBB61A100555E04 /* LaunchScreen.storyboard */ = {
			isa = PBXVariantGroup;
			children = (
				6594413B1BBB61A100555E04 /* Base */,
			);
			name = LaunchScreen.storyboard;
			sourceTree = "<group>";
		};
/* End PBXVariantGroup section */

/* Begin XCBuildConfiguration section */
		659441541BBB61A200555E04 /* Debug */ = {
			isa = XCBuildConfiguration;
			buildSettings = {
				ALWAYS_SEARCH_USER_PATHS = NO;
				CLANG_CXX_LANGUAGE_STANDARD = "gnu++0x";
				CLANG_CXX_LIBRARY = "libc++";
				CLANG_ENABLE_MODULES = YES;
				CLANG_ENABLE_OBJC_ARC = YES;
				CLANG_WARN_BOOL_CONVERSION = YES;
				CLANG_WARN_CONSTANT_CONVERSION = YES;
				CLANG_WARN_DIRECT_OBJC_ISA_USAGE = YES_ERROR;
				CLANG_WARN_EMPTY_BODY = YES;
				CLANG_WARN_ENUM_CONVERSION = YES;
				CLANG_WARN_INT_CONVERSION = YES;
				CLANG_WARN_OBJC_ROOT_CLASS = YES_ERROR;
				CLANG_WARN_UNREACHABLE_CODE = YES;
				CLANG_WARN__DUPLICATE_METHOD_MATCH = YES;
				"CODE_SIGN_IDENTITY[sdk=iphoneos*]" = "iPhone Developer";
				COPY_PHASE_STRIP = NO;
				DEBUG_INFORMATION_FORMAT = dwarf;
				ENABLE_STRICT_OBJC_MSGSEND = YES;
				ENABLE_TESTABILITY = YES;
				GCC_C_LANGUAGE_STANDARD = gnu99;
				GCC_DYNAMIC_NO_PIC = NO;
				GCC_NO_COMMON_BLOCKS = YES;
				GCC_OPTIMIZATION_LEVEL = 0;
				GCC_PREPROCESSOR_DEFINITIONS = (
					"DEBUG=1",
					"$(inherited)",
				);
				GCC_WARN_64_TO_32_BIT_CONVERSION = YES;
				GCC_WARN_ABOUT_RETURN_TYPE = YES_ERROR;
				GCC_WARN_UNDECLARED_SELECTOR = YES;
				GCC_WARN_UNINITIALIZED_AUTOS = YES_AGGRESSIVE;
				GCC_WARN_UNUSED_FUNCTION = YES;
				GCC_WARN_UNUSED_VARIABLE = YES;
				IPHONEOS_DEPLOYMENT_TARGET = 9.0;
				MTL_ENABLE_DEBUG_INFO = YES;
				ONLY_ACTIVE_ARCH = YES;
				SDKROOT = iphoneos;
				SWIFT_OPTIMIZATION_LEVEL = "-Onone";
			};
			name = Debug;
		};
		659441551BBB61A200555E04 /* Release */ = {
			isa = XCBuildConfiguration;
			buildSettings = {
				ALWAYS_SEARCH_USER_PATHS = NO;
				CLANG_CXX_LANGUAGE_STANDARD = "gnu++0x";
				CLANG_CXX_LIBRARY = "libc++";
				CLANG_ENABLE_MODULES = YES;
				CLANG_ENABLE_OBJC_ARC = YES;
				CLANG_WARN_BOOL_CONVERSION = YES;
				CLANG_WARN_CONSTANT_CONVERSION = YES;
				CLANG_WARN_DIRECT_OBJC_ISA_USAGE = YES_ERROR;
				CLANG_WARN_EMPTY_BODY = YES;
				CLANG_WARN_ENUM_CONVERSION = YES;
				CLANG_WARN_INT_CONVERSION = YES;
				CLANG_WARN_OBJC_ROOT_CLASS = YES_ERROR;
				CLANG_WARN_UNREACHABLE_CODE = YES;
				CLANG_WARN__DUPLICATE_METHOD_MATCH = YES;
				"CODE_SIGN_IDENTITY[sdk=iphoneos*]" = "iPhone Developer";
				COPY_PHASE_STRIP = NO;
				DEBUG_INFORMATION_FORMAT = "dwarf-with-dsym";
				ENABLE_NS_ASSERTIONS = NO;
				ENABLE_STRICT_OBJC_MSGSEND = YES;
				GCC_C_LANGUAGE_STANDARD = gnu99;
				GCC_NO_COMMON_BLOCKS = YES;
				GCC_WARN_64_TO_32_BIT_CONVERSION = YES;
				GCC_WARN_ABOUT_RETURN_TYPE = YES_ERROR;
				GCC_WARN_UNDECLARED_SELECTOR = YES;
				GCC_WARN_UNINITIALIZED_AUTOS = YES_AGGRESSIVE;
				GCC_WARN_UNUSED_FUNCTION = YES;
				GCC_WARN_UNUSED_VARIABLE = YES;
				IPHONEOS_DEPLOYMENT_TARGET = 9.0;
				MTL_ENABLE_DEBUG_INFO = NO;
				SDKROOT = iphoneos;
				VALIDATE_PRODUCT = YES;
			};
			name = Release;
		};
		659441571BBB61A200555E04 /* Debug */ = {
			isa = XCBuildConfiguration;
			buildSettings = {
				ASSETCATALOG_COMPILER_APPICON_NAME = AppIcon;
				CODE_SIGN_IDENTITY = "iPhone Developer";
				"CODE_SIGN_IDENTITY[sdk=iphoneos*]" = "iPhone Developer";
				INFOPLIST_FILE = "Idea List/Info.plist";
				LD_RUNPATH_SEARCH_PATHS = "$(inherited) @executable_path/Frameworks";
				PRODUCT_BUNDLE_IDENTIFIER = "RD.Idea-List";
				PRODUCT_NAME = "$(TARGET_NAME)";
				PROVISIONING_PROFILE = "";
			};
			name = Debug;
		};
		659441581BBB61A200555E04 /* Release */ = {
			isa = XCBuildConfiguration;
			buildSettings = {
				ASSETCATALOG_COMPILER_APPICON_NAME = AppIcon;
				CODE_SIGN_IDENTITY = "iPhone Developer";
				"CODE_SIGN_IDENTITY[sdk=iphoneos*]" = "iPhone Developer";
				INFOPLIST_FILE = "Idea List/Info.plist";
				LD_RUNPATH_SEARCH_PATHS = "$(inherited) @executable_path/Frameworks";
				PRODUCT_BUNDLE_IDENTIFIER = "RD.Idea-List";
				PRODUCT_NAME = "$(TARGET_NAME)";
				PROVISIONING_PROFILE = "";
			};
			name = Release;
		};
		6594415A1BBB61A200555E04 /* Debug */ = {
			isa = XCBuildConfiguration;
			buildSettings = {
				BUNDLE_LOADER = "$(TEST_HOST)";
				INFOPLIST_FILE = "Idea ListTests/Info.plist";
				LD_RUNPATH_SEARCH_PATHS = "$(inherited) @executable_path/Frameworks @loader_path/Frameworks";
				PRODUCT_BUNDLE_IDENTIFIER = "RD.Idea-ListTests";
				PRODUCT_NAME = "$(TARGET_NAME)";
				TEST_HOST = "$(BUILT_PRODUCTS_DIR)/Idea List.app/Idea List";
			};
			name = Debug;
		};
		6594415B1BBB61A200555E04 /* Release */ = {
			isa = XCBuildConfiguration;
			buildSettings = {
				BUNDLE_LOADER = "$(TEST_HOST)";
				INFOPLIST_FILE = "Idea ListTests/Info.plist";
				LD_RUNPATH_SEARCH_PATHS = "$(inherited) @executable_path/Frameworks @loader_path/Frameworks";
				PRODUCT_BUNDLE_IDENTIFIER = "RD.Idea-ListTests";
				PRODUCT_NAME = "$(TARGET_NAME)";
				TEST_HOST = "$(BUILT_PRODUCTS_DIR)/Idea List.app/Idea List";
			};
			name = Release;
		};
		6594415D1BBB61A200555E04 /* Debug */ = {
			isa = XCBuildConfiguration;
			buildSettings = {
				INFOPLIST_FILE = "Idea ListUITests/Info.plist";
				LD_RUNPATH_SEARCH_PATHS = "$(inherited) @executable_path/Frameworks @loader_path/Frameworks";
				PRODUCT_BUNDLE_IDENTIFIER = "RD.Idea-ListUITests";
				PRODUCT_NAME = "$(TARGET_NAME)";
				TEST_TARGET_NAME = "Idea List";
				USES_XCTRUNNER = YES;
			};
			name = Debug;
		};
		6594415E1BBB61A200555E04 /* Release */ = {
			isa = XCBuildConfiguration;
			buildSettings = {
				INFOPLIST_FILE = "Idea ListUITests/Info.plist";
				LD_RUNPATH_SEARCH_PATHS = "$(inherited) @executable_path/Frameworks @loader_path/Frameworks";
				PRODUCT_BUNDLE_IDENTIFIER = "RD.Idea-ListUITests";
				PRODUCT_NAME = "$(TARGET_NAME)";
				TEST_TARGET_NAME = "Idea List";
				USES_XCTRUNNER = YES;
			};
			name = Release;
		};
/* End XCBuildConfiguration section */

/* Begin XCConfigurationList section */
		659441291BBB61A100555E04 /* Build configuration list for PBXProject "Idea List" */ = {
			isa = XCConfigurationList;
			buildConfigurations = (
				659441541BBB61A200555E04 /* Debug */,
				659441551BBB61A200555E04 /* Release */,
			);
			defaultConfigurationIsVisible = 0;
			defaultConfigurationName = Release;
		};
		659441561BBB61A200555E04 /* Build configuration list for PBXNativeTarget "Idea List" */ = {
			isa = XCConfigurationList;
			buildConfigurations = (
				659441571BBB61A200555E04 /* Debug */,
				659441581BBB61A200555E04 /* Release */,
			);
			defaultConfigurationIsVisible = 0;
			defaultConfigurationName = Release;
		};
		659441591BBB61A200555E04 /* Build configuration list for PBXNativeTarget "Idea ListTests" */ = {
			isa = XCConfigurationList;
			buildConfigurations = (
				6594415A1BBB61A200555E04 /* Debug */,
				6594415B1BBB61A200555E04 /* Release */,
			);
			defaultConfigurationIsVisible = 0;
			defaultConfigurationName = Release;
		};
		6594415C1BBB61A200555E04 /* Build configuration list for PBXNativeTarget "Idea ListUITests" */ = {
			isa = XCConfigurationList;
			buildConfigurations = (
				6594415D1BBB61A200555E04 /* Debug */,
				6594415E1BBB61A200555E04 /* Release */,
			);
			defaultConfigurationIsVisible = 0;
			defaultConfigurationName = Release;
		};
/* End XCConfigurationList section */
	};
	rootObject = 659441261BBB61A100555E04 /* Project object */;
}
